
Microsoft Visual Studio Solution File, Format Version 12.00
# Visual Studio Version 17
VisualStudioVersion = 17.1.32319.34
MinimumVisualStudioVersion = 10.0.40219.1
Project("{FAE04EC0-301F-11D3-BF4B-00C04F79EFBC}") = "AutomateVXApiAccess", "AutomateVXApiAccess.csproj", "{8A019349-7D69-4655-A8CD-C5AAB572D7B2}"
EndProject
Global
	GlobalSection(SolutionConfigurationPlatforms) = preSolution
		Debug|Any CPU = Debug|Any CPU
		Release|Any CPU = Release|Any CPU
	EndGlobalSection
	GlobalSection(ProjectConfigurationPlatforms) = postSolution
		{8A019349-7D69-4655-A8CD-C5AAB572D7B2}.Debug|Any CPU.ActiveCfg = Debug|Any CPU
		{8A019349-7D69-4655-A8CD-C5AAB572D7B2}.Debug|Any CPU.Build.0 = Debug|Any CPU
		{8A019349-7D69-4655-A8CD-C5AAB572D7B2}.Release|Any CPU.ActiveCfg = Release|Any CPU
		{8A019349-7D69-4655-A8CD-C5AAB572D7B2}.Release|Any CPU.Build.0 = Release|Any CPU
	EndGlobalSection
	GlobalSection(SolutionProperties) = preSolution
		HideSolutionNode = FALSE
	EndGlobalSection
	GlobalSection(ExtensibilityGlobals) = postSolution
		SolutionGuid = {3237C3A7-5644-4243-9B82-0444DE69AD38}
	EndGlobalSection
EndGlobal
